
Microsoft Visual Studio Solution File, Format Version 12.00
# Visual Studio Version 16
VisualStudioVersion = 16.0.30413.136
MinimumVisualStudioVersion = 10.0.40219.1
Project("{9A19103F-16F7-4668-BE54-9A1E7A4F7556}") = "TheQuatBot", "theQuatBot\TheQuatBot.csproj", "{985B8B90-018B-42F3-85B5-36D85C3FD13A}"
EndProject
Project("{2150E333-8FDC-42A3-9474-1A3956D46DE8}") = "TheQuatBot.DAL", "TheQuatBot.DAL", "{3BB9C0B3-7625-4FDA-A09E-01F44A25A1E7}"
EndProject
Project("{9A19103F-16F7-4668-BE54-9A1E7A4F7556}") = "theQuatBot.DAL", "theQuatBot.DAL\theQuatBot.DAL.csproj", "{AA9B079C-9413-4875-9DBA-E6580DB31289}"
EndProject
Project("{FAE04EC0-301F-11D3-BF4B-00C04F79EFBC}") = "theQuatBot.DAL.Migrations", "theQuatBot.DAL.Migrations\theQuatBot.DAL.Migrations.csproj", "{98F79457-8B46-4CCB-BC5E-F5082D11DBDB}"
EndProject
Global
	GlobalSection(SolutionConfigurationPlatforms) = preSolution
		Debug|Any CPU = Debug|Any CPU
		Release|Any CPU = Release|Any CPU
	EndGlobalSection
	GlobalSection(ProjectConfigurationPlatforms) = postSolution
		{985B8B90-018B-42F3-85B5-36D85C3FD13A}.Debug|Any CPU.ActiveCfg = Debug|Any CPU
		{985B8B90-018B-42F3-85B5-36D85C3FD13A}.Debug|Any CPU.Build.0 = Debug|Any CPU
		{985B8B90-018B-42F3-85B5-36D85C3FD13A}.Release|Any CPU.ActiveCfg = Release|Any CPU
		{985B8B90-018B-42F3-85B5-36D85C3FD13A}.Release|Any CPU.Build.0 = Release|Any CPU
		{AA9B079C-9413-4875-9DBA-E6580DB31289}.Debug|Any CPU.ActiveCfg = Debug|Any CPU
		{AA9B079C-9413-4875-9DBA-E6580DB31289}.Debug|Any CPU.Build.0 = Debug|Any CPU
		{AA9B079C-9413-4875-9DBA-E6580DB31289}.Release|Any CPU.ActiveCfg = Release|Any CPU
		{AA9B079C-9413-4875-9DBA-E6580DB31289}.Release|Any CPU.Build.0 = Release|Any CPU
		{98F79457-8B46-4CCB-BC5E-F5082D11DBDB}.Debug|Any CPU.ActiveCfg = Debug|Any CPU
		{98F79457-8B46-4CCB-BC5E-F5082D11DBDB}.Debug|Any CPU.Build.0 = Debug|Any CPU
		{98F79457-8B46-4CCB-BC5E-F5082D11DBDB}.Release|Any CPU.ActiveCfg = Release|Any CPU
		{98F79457-8B46-4CCB-BC5E-F5082D11DBDB}.Release|Any CPU.Build.0 = Release|Any CPU
	EndGlobalSection
	GlobalSection(SolutionProperties) = preSolution
		HideSolutionNode = FALSE
	EndGlobalSection
	GlobalSection(NestedProjects) = preSolution
		{AA9B079C-9413-4875-9DBA-E6580DB31289} = {3BB9C0B3-7625-4FDA-A09E-01F44A25A1E7}
		{98F79457-8B46-4CCB-BC5E-F5082D11DBDB} = {3BB9C0B3-7625-4FDA-A09E-01F44A25A1E7}
	EndGlobalSection
	GlobalSection(ExtensibilityGlobals) = postSolution
		SolutionGuid = {978552F8-C727-47AE-ABCE-2618D363E46A}
	EndGlobalSection
EndGlobal
